
Microsoft Visual Studio Solution File, Format Version 12.00
# Visual Studio Version 16
VisualStudioVersion = 16.0.31605.320
MinimumVisualStudioVersion = 10.0.40219.1
Project("{FAE04EC0-301F-11D3-BF4B-00C04F79EFBC}") = "23098660FelipeConsorteExAula3", "23098660FelipeConsorteExAula3\23098660FelipeConsorteExAula3.csproj", "{5B656D55-38BF-4EC3-AF62-7F7D9864A8F4}"
EndProject
Global
	GlobalSection(SolutionConfigurationPlatforms) = preSolution
		Debug|Any CPU = Debug|Any CPU
		Release|Any CPU = Release|Any CPU
	EndGlobalSection
	GlobalSection(ProjectConfigurationPlatforms) = postSolution
		{5B656D55-38BF-4EC3-AF62-7F7D9864A8F4}.Debug|Any CPU.ActiveCfg = Debug|Any CPU
		{5B656D55-38BF-4EC3-AF62-7F7D9864A8F4}.Debug|Any CPU.Build.0 = Debug|Any CPU
		{5B656D55-38BF-4EC3-AF62-7F7D9864A8F4}.Release|Any CPU.ActiveCfg = Release|Any CPU
		{5B656D55-38BF-4EC3-AF62-7F7D9864A8F4}.Release|Any CPU.Build.0 = Release|Any CPU
	EndGlobalSection
	GlobalSection(SolutionProperties) = preSolution
		HideSolutionNode = FALSE
	EndGlobalSection
	GlobalSection(ExtensibilityGlobals) = postSolution
		SolutionGuid = {A48AD8C9-791A-487D-8D80-952163332DBB}
	EndGlobalSection
EndGlobal
