
Microsoft Visual Studio Solution File, Format Version 12.00
# Visual Studio Version 16
VisualStudioVersion = 16.0.31624.102
MinimumVisualStudioVersion = 10.0.40219.1
Project("{FAE04EC0-301F-11D3-BF4B-00C04F79EFBC}") = "TrabalhoEmSala", "TrabalhoEmSala\TrabalhoEmSala.csproj", "{D0C57DC9-BB91-4F50-9662-6F084539FFEB}"
EndProject
Global
	GlobalSection(SolutionConfigurationPlatforms) = preSolution
		Debug|Any CPU = Debug|Any CPU
		Release|Any CPU = Release|Any CPU
	EndGlobalSection
	GlobalSection(ProjectConfigurationPlatforms) = postSolution
		{D0C57DC9-BB91-4F50-9662-6F084539FFEB}.Debug|Any CPU.ActiveCfg = Debug|Any CPU
		{D0C57DC9-BB91-4F50-9662-6F084539FFEB}.Debug|Any CPU.Build.0 = Debug|Any CPU
		{D0C57DC9-BB91-4F50-9662-6F084539FFEB}.Release|Any CPU.ActiveCfg = Release|Any CPU
		{D0C57DC9-BB91-4F50-9662-6F084539FFEB}.Release|Any CPU.Build.0 = Release|Any CPU
	EndGlobalSection
	GlobalSection(SolutionProperties) = preSolution
		HideSolutionNode = FALSE
	EndGlobalSection
	GlobalSection(ExtensibilityGlobals) = postSolution
		SolutionGuid = {CBDBBEB4-9114-45A1-842C-6BC6B790DE37}
	EndGlobalSection
EndGlobal
